
Microsoft Visual Studio Solution File, Format Version 12.00
# Visual Studio Version 16
VisualStudioVersion = 16.0.29324.140
MinimumVisualStudioVersion = 10.0.40219.1
Project("{9A19103F-16F7-4668-BE54-9A1E7A4F7556}") = "BinaryTree", "BinaryTree\BinaryTree.csproj", "{504A89DC-A701-4A67-A327-61A86064C284}"
EndProject
Global
	GlobalSection(SolutionConfigurationPlatforms) = preSolution
		Debug|Any CPU = Debug|Any CPU
		Release|Any CPU = Release|Any CPU
	EndGlobalSection
	GlobalSection(ProjectConfigurationPlatforms) = postSolution
		{504A89DC-A701-4A67-A327-61A86064C284}.Debug|Any CPU.ActiveCfg = Debug|Any CPU
		{504A89DC-A701-4A67-A327-61A86064C284}.Debug|Any CPU.Build.0 = Debug|Any CPU
		{504A89DC-A701-4A67-A327-61A86064C284}.Release|Any CPU.ActiveCfg = Release|Any CPU
		{504A89DC-A701-4A67-A327-61A86064C284}.Release|Any CPU.Build.0 = Release|Any CPU
	EndGlobalSection
	GlobalSection(SolutionProperties) = preSolution
		HideSolutionNode = FALSE
	EndGlobalSection
	GlobalSection(ExtensibilityGlobals) = postSolution
		SolutionGuid = {63F10CB0-6FD4-47EA-A70C-E037B90A4D7E}
	EndGlobalSection
	GlobalSection(TeamFoundationVersionControl) = preSolution
		SccNumberOfProjects = 2
		SccEnterpriseProvider = {4CA58AB2-18FA-4F8D-95D4-32DDF27D184C}
		SccTeamFoundationServer = https://subhra2018.visualstudio.com/
		SccLocalPath0 = .
		SccProjectUniqueName1 = BinaryTree\\BinaryTree.csproj
		SccProjectName1 = BinaryTree
		SccLocalPath1 = BinaryTree
	EndGlobalSection
EndGlobal
